
Microsoft Visual Studio Solution File, Format Version 12.00
# Visual Studio Version 16
VisualStudioVersion = 16.0.31321.278
MinimumVisualStudioVersion = 10.0.40219.1
Project("{9A19103F-16F7-4668-BE54-9A1E7A4F7556}") = "API", "API\API.csproj", "{E2A0288B-F685-4A3E-8BAB-8A59ED73D0A2}"
EndProject
Project("{9A19103F-16F7-4668-BE54-9A1E7A4F7556}") = "Application", "Application\Application.csproj", "{6998A834-AE94-4B8E-88BF-954CDBDFB21F}"
EndProject
Project("{9A19103F-16F7-4668-BE54-9A1E7A4F7556}") = "Domain", "Domain\Domain.csproj", "{AA054CD0-3286-44A3-AE5E-13F760ACCE74}"
EndProject
Project("{9A19103F-16F7-4668-BE54-9A1E7A4F7556}") = "Persistence", "Persistence\Persistence.csproj", "{0A61F0CB-403A-45BA-9223-34A96414A7C8}"
EndProject
Project("{FAE04EC0-301F-11D3-BF4B-00C04F79EFBC}") = "Infrastructure", "Infrastructure\Infrastructure.csproj", "{6CBE5146-D86E-4645-905F-4F11BE39BD4B}"
EndProject
Global
	GlobalSection(SolutionConfigurationPlatforms) = preSolution
		Debug|Any CPU = Debug|Any CPU
		Release|Any CPU = Release|Any CPU
	EndGlobalSection
	GlobalSection(ProjectConfigurationPlatforms) = postSolution
		{E2A0288B-F685-4A3E-8BAB-8A59ED73D0A2}.Debug|Any CPU.ActiveCfg = Debug|Any CPU
		{E2A0288B-F685-4A3E-8BAB-8A59ED73D0A2}.Debug|Any CPU.Build.0 = Debug|Any CPU
		{E2A0288B-F685-4A3E-8BAB-8A59ED73D0A2}.Release|Any CPU.ActiveCfg = Release|Any CPU
		{E2A0288B-F685-4A3E-8BAB-8A59ED73D0A2}.Release|Any CPU.Build.0 = Release|Any CPU
		{6998A834-AE94-4B8E-88BF-954CDBDFB21F}.Debug|Any CPU.ActiveCfg = Debug|Any CPU
		{6998A834-AE94-4B8E-88BF-954CDBDFB21F}.Debug|Any CPU.Build.0 = Debug|Any CPU
		{6998A834-AE94-4B8E-88BF-954CDBDFB21F}.Release|Any CPU.ActiveCfg = Release|Any CPU
		{6998A834-AE94-4B8E-88BF-954CDBDFB21F}.Release|Any CPU.Build.0 = Release|Any CPU
		{AA054CD0-3286-44A3-AE5E-13F760ACCE74}.Debug|Any CPU.ActiveCfg = Debug|Any CPU
		{AA054CD0-3286-44A3-AE5E-13F760ACCE74}.Debug|Any CPU.Build.0 = Debug|Any CPU
		{AA054CD0-3286-44A3-AE5E-13F760ACCE74}.Release|Any CPU.ActiveCfg = Release|Any CPU
		{AA054CD0-3286-44A3-AE5E-13F760ACCE74}.Release|Any CPU.Build.0 = Release|Any CPU
		{0A61F0CB-403A-45BA-9223-34A96414A7C8}.Debug|Any CPU.ActiveCfg = Debug|Any CPU
		{0A61F0CB-403A-45BA-9223-34A96414A7C8}.Debug|Any CPU.Build.0 = Debug|Any CPU
		{0A61F0CB-403A-45BA-9223-34A96414A7C8}.Release|Any CPU.ActiveCfg = Release|Any CPU
		{0A61F0CB-403A-45BA-9223-34A96414A7C8}.Release|Any CPU.Build.0 = Release|Any CPU
		{6CBE5146-D86E-4645-905F-4F11BE39BD4B}.Debug|Any CPU.ActiveCfg = Debug|Any CPU
		{6CBE5146-D86E-4645-905F-4F11BE39BD4B}.Debug|Any CPU.Build.0 = Debug|Any CPU
		{6CBE5146-D86E-4645-905F-4F11BE39BD4B}.Release|Any CPU.ActiveCfg = Release|Any CPU
		{6CBE5146-D86E-4645-905F-4F11BE39BD4B}.Release|Any CPU.Build.0 = Release|Any CPU
	EndGlobalSection
	GlobalSection(SolutionProperties) = preSolution
		HideSolutionNode = FALSE
	EndGlobalSection
	GlobalSection(ExtensibilityGlobals) = postSolution
		SolutionGuid = {1B01E1A0-1477-4037-B606-458F5CB49C1C}
	EndGlobalSection
EndGlobal
